
Microsoft Visual Studio Solution File, Format Version 12.00
# Visual Studio Version 16
VisualStudioVersion = 16.0.31729.503
MinimumVisualStudioVersion = 10.0.40219.1
Project("{FAE04EC0-301F-11D3-BF4B-00C04F79EFBC}") = "ClientInformationSystemAPI", "ClientInformationSystemAPI\ClientInformationSystemAPI.csproj", "{C49B66F7-F236-4963-A948-6E393633A2C8}"
	ProjectSection(ProjectDependencies) = postProject
		{EC403671-BCC2-4F4D-9E63-F0D35966D20C} = {EC403671-BCC2-4F4D-9E63-F0D35966D20C}
		{BC916FF6-0657-4C87-B96F-719F15C34B27} = {BC916FF6-0657-4C87-B96F-719F15C34B27}
	EndProjectSection
EndProject
Project("{FAE04EC0-301F-11D3-BF4B-00C04F79EFBC}") = "ApplicationCore", "ApplicationCore\ApplicationCore.csproj", "{BC916FF6-0657-4C87-B96F-719F15C34B27}"
EndProject
Project("{FAE04EC0-301F-11D3-BF4B-00C04F79EFBC}") = "Infrastructure", "Infrastructure\Infrastructure.csproj", "{EC403671-BCC2-4F4D-9E63-F0D35966D20C}"
	ProjectSection(ProjectDependencies) = postProject
		{BC916FF6-0657-4C87-B96F-719F15C34B27} = {BC916FF6-0657-4C87-B96F-719F15C34B27}
	EndProjectSection
EndProject
Global
	GlobalSection(SolutionConfigurationPlatforms) = preSolution
		Debug|Any CPU = Debug|Any CPU
		Release|Any CPU = Release|Any CPU
	EndGlobalSection
	GlobalSection(ProjectConfigurationPlatforms) = postSolution
		{C49B66F7-F236-4963-A948-6E393633A2C8}.Debug|Any CPU.ActiveCfg = Debug|Any CPU
		{C49B66F7-F236-4963-A948-6E393633A2C8}.Debug|Any CPU.Build.0 = Debug|Any CPU
		{C49B66F7-F236-4963-A948-6E393633A2C8}.Release|Any CPU.ActiveCfg = Release|Any CPU
		{C49B66F7-F236-4963-A948-6E393633A2C8}.Release|Any CPU.Build.0 = Release|Any CPU
		{BC916FF6-0657-4C87-B96F-719F15C34B27}.Debug|Any CPU.ActiveCfg = Debug|Any CPU
		{BC916FF6-0657-4C87-B96F-719F15C34B27}.Debug|Any CPU.Build.0 = Debug|Any CPU
		{BC916FF6-0657-4C87-B96F-719F15C34B27}.Release|Any CPU.ActiveCfg = Release|Any CPU
		{BC916FF6-0657-4C87-B96F-719F15C34B27}.Release|Any CPU.Build.0 = Release|Any CPU
		{EC403671-BCC2-4F4D-9E63-F0D35966D20C}.Debug|Any CPU.ActiveCfg = Debug|Any CPU
		{EC403671-BCC2-4F4D-9E63-F0D35966D20C}.Debug|Any CPU.Build.0 = Debug|Any CPU
		{EC403671-BCC2-4F4D-9E63-F0D35966D20C}.Release|Any CPU.ActiveCfg = Release|Any CPU
		{EC403671-BCC2-4F4D-9E63-F0D35966D20C}.Release|Any CPU.Build.0 = Release|Any CPU
	EndGlobalSection
	GlobalSection(SolutionProperties) = preSolution
		HideSolutionNode = FALSE
	EndGlobalSection
	GlobalSection(ExtensibilityGlobals) = postSolution
		SolutionGuid = {D81BAD7C-3175-42CA-B8C9-072BA7A8F3BA}
	EndGlobalSection
EndGlobal
